// !$*UTF8*$!
{
	archiveVersion = 1;
	classes = {
	};
	objectVersion = 56;
	objects = {

/* Begin PBXBuildFile section */
		580BD8F82BC7CAAF00AD7FE0 /* LoginScreen.swift in Sources */ = {isa = PBXBuildFile; fileRef = 580BD8F72BC7CAAF00AD7FE0 /* LoginScreen.swift */; };
		580BD8FA2BC7CB6800AD7FE0 /* LoginViewModel.swift in Sources */ = {isa = PBXBuildFile; fileRef = 580BD8F92BC7CB6800AD7FE0 /* LoginViewModel.swift */; };
		580BD8FC2BC8823800AD7FE0 /* HapticVibrationManager.swift in Sources */ = {isa = PBXBuildFile; fileRef = 580BD8FB2BC8823800AD7FE0 /* HapticVibrationManager.swift */; };
		580BD8FE2BC8848300AD7FE0 /* Data.swift in Sources */ = {isa = PBXBuildFile; fileRef = 580BD8FD2BC8848300AD7FE0 /* Data.swift */; };
		580BD9022BC9C28D00AD7FE0 /* SettingsViewModel.swift in Sources */ = {isa = PBXBuildFile; fileRef = 580BD9012BC9C28D00AD7FE0 /* SettingsViewModel.swift */; };
		580BD9062BC9C2D500AD7FE0 /* SettingsView.swift in Sources */ = {isa = PBXBuildFile; fileRef = 580BD9052BC9C2D500AD7FE0 /* SettingsView.swift */; };
		580BD9082BC9C2E600AD7FE0 /* PrivacySettingsView.swift in Sources */ = {isa = PBXBuildFile; fileRef = 580BD9072BC9C2E600AD7FE0 /* PrivacySettingsView.swift */; };
		580BD90B2BC9EC6600AD7FE0 /* XMarkButton.swift in Sources */ = {isa = PBXBuildFile; fileRef = 580BD90A2BC9EC6600AD7FE0 /* XMarkButton.swift */; };
		580BD90E2BCCAC5900AD7FE0 /* CircleButtonView.swift in Sources */ = {isa = PBXBuildFile; fileRef = 580BD90D2BCCAC5900AD7FE0 /* CircleButtonView.swift */; };
		580BD9102BCCAC7C00AD7FE0 /* CircleButtonAnimationView.swift in Sources */ = {isa = PBXBuildFile; fileRef = 580BD90F2BCCAC7C00AD7FE0 /* CircleButtonAnimationView.swift */; };
		580BD9122BCCBF2800AD7FE0 /* RootView.swift in Sources */ = {isa = PBXBuildFile; fileRef = 580BD9112BCCBF2800AD7FE0 /* RootView.swift */; };
		580BD9142BCCBFAE00AD7FE0 /* HomeViewModel.swift in Sources */ = {isa = PBXBuildFile; fileRef = 580BD9132BCCBFAE00AD7FE0 /* HomeViewModel.swift */; };
		580BD9162BCE036E00AD7FE0 /* CoinDataService.swift in Sources */ = {isa = PBXBuildFile; fileRef = 580BD9152BCE036E00AD7FE0 /* CoinDataService.swift */; };
		580BD9182BCE03FA00AD7FE0 /* CoinModel.swift in Sources */ = {isa = PBXBuildFile; fileRef = 580BD9172BCE03FA00AD7FE0 /* CoinModel.swift */; };
		580BD91A2BCE05E700AD7FE0 /* NetworkManager.swift in Sources */ = {isa = PBXBuildFile; fileRef = 580BD9192BCE05E700AD7FE0 /* NetworkManager.swift */; };
		580BD91C2BCF723700AD7FE0 /* Statistic.swift in Sources */ = {isa = PBXBuildFile; fileRef = 580BD91B2BCF723700AD7FE0 /* Statistic.swift */; };
		580BD91E2BCF728C00AD7FE0 /* GlobalData.swift in Sources */ = {isa = PBXBuildFile; fileRef = 580BD91D2BCF728C00AD7FE0 /* GlobalData.swift */; };
		580BD9202BCF74E400AD7FE0 /* Double.swift in Sources */ = {isa = PBXBuildFile; fileRef = 580BD91F2BCF74E400AD7FE0 /* Double.swift */; };
		580BD9222BCF9ED100AD7FE0 /* StatisticView.swift in Sources */ = {isa = PBXBuildFile; fileRef = 580BD9212BCF9ED100AD7FE0 /* StatisticView.swift */; };
		580BD9242BCFA06E00AD7FE0 /* HomeStatisticView.swift in Sources */ = {isa = PBXBuildFile; fileRef = 580BD9232BCFA06E00AD7FE0 /* HomeStatisticView.swift */; };
		580BD9262BCFA1D300AD7FE0 /* SearchBarView.swift in Sources */ = {isa = PBXBuildFile; fileRef = 580BD9252BCFA1D300AD7FE0 /* SearchBarView.swift */; };
		580BD9282BCFA4AD00AD7FE0 /* UIApplication.swift in Sources */ = {isa = PBXBuildFile; fileRef = 580BD9272BCFA4AD00AD7FE0 /* UIApplication.swift */; };
		580BD92A2BD0D79500AD7FE0 /* PortfolioDataService.swift in Sources */ = {isa = PBXBuildFile; fileRef = 580BD9292BD0D79500AD7FE0 /* PortfolioDataService.swift */; };
		580BD9352BD2B4A800AD7FE0 /* MarketDataService.swift in Sources */ = {isa = PBXBuildFile; fileRef = 580BD9342BD2B4A800AD7FE0 /* MarketDataService.swift */; };
		580BD9372BD2C70F00AD7FE0 /* CoinDetailDataService.swift in Sources */ = {isa = PBXBuildFile; fileRef = 580BD9362BD2C70F00AD7FE0 /* CoinDetailDataService.swift */; };
		580BD9392BD2CBBB00AD7FE0 /* CoinDetail.swift in Sources */ = {isa = PBXBuildFile; fileRef = 580BD9382BD2CBBB00AD7FE0 /* CoinDetail.swift */; };
		5867DDF32BD619D200E7C492 /* Assets.xcassets in Resources */ = {isa = PBXBuildFile; fileRef = 5867DDF22BD619D200E7C492 /* Assets.xcassets */; };
		5867DDF52BD61B9200E7C492 /* CryptoTrackerApp.swift in Sources */ = {isa = PBXBuildFile; fileRef = 5867DDF42BD61B9200E7C492 /* CryptoTrackerApp.swift */; };
		588B217A2BD5E10400B30413 /* String.swift in Sources */ = {isa = PBXBuildFile; fileRef = 588B21792BD5E10400B30413 /* String.swift */; };
		588B217C2BD5E15D00B30413 /* DetailViewModel.swift in Sources */ = {isa = PBXBuildFile; fileRef = 588B217B2BD5E15D00B30413 /* DetailViewModel.swift */; };
		588B217E2BD5E1BB00B30413 /* DetailView.swift in Sources */ = {isa = PBXBuildFile; fileRef = 588B217D2BD5E1BB00B30413 /* DetailView.swift */; };
		588B21802BD5E2AE00B30413 /* ChartView.swift in Sources */ = {isa = PBXBuildFile; fileRef = 588B217F2BD5E2AE00B30413 /* ChartView.swift */; };
		588B21822BD5E5AD00B30413 /* Date.swift in Sources */ = {isa = PBXBuildFile; fileRef = 588B21812BD5E5AD00B30413 /* Date.swift */; };
		58A54C792BC6214E005C46A5 /* Constants.swift in Sources */ = {isa = PBXBuildFile; fileRef = 58A54C782BC6214E005C46A5 /* Constants.swift */; };
		58A54C7C2BC62242005C46A5 /* KeyChainHelper.swift in Sources */ = {isa = PBXBuildFile; fileRef = 58A54C7B2BC62242005C46A5 /* KeyChainHelper.swift */; };
		58A54C7E2BC62361005C46A5 /* KeyChainPropertyWrapper.swift in Sources */ = {isa = PBXBuildFile; fileRef = 58A54C7D2BC62361005C46A5 /* KeyChainPropertyWrapper.swift */; };
		58A54C802BC64D35005C46A5 /* LAContext.swift in Sources */ = {isa = PBXBuildFile; fileRef = 58A54C7F2BC64D35005C46A5 /* LAContext.swift */; };
		58A662CE2BD63245008D00D8 /* PortfolioContainer.xcdatamodeld in Sources */ = {isa = PBXBuildFile; fileRef = 58A662CC2BD63245008D00D8 /* PortfolioContainer.xcdatamodeld */; };
		58A662D02BD6F7B8008D00D8 /* PortfolioView.swift in Sources */ = {isa = PBXBuildFile; fileRef = 58A662CF2BD6F7B8008D00D8 /* PortfolioView.swift */; };
		58A662D22BD6F83D008D00D8 /* CoinRowView.swift in Sources */ = {isa = PBXBuildFile; fileRef = 58A662D12BD6F83D008D00D8 /* CoinRowView.swift */; };
		58A662D42BD724A4008D00D8 /* AppInfoView.swift in Sources */ = {isa = PBXBuildFile; fileRef = 58A662D32BD724A4008D00D8 /* AppInfoView.swift */; };
		58D33D6C2BC2956E00057B88 /* ColorfulIconLabelStyle.swift in Sources */ = {isa = PBXBuildFile; fileRef = 58D33D6B2BC2956E00057B88 /* ColorfulIconLabelStyle.swift */; };
		58D33D742BC2972A00057B88 /* WalkthroughView.swift in Sources */ = {isa = PBXBuildFile; fileRef = 58D33D732BC2972A00057B88 /* WalkthroughView.swift */; };
		58D33D762BC2982B00057B88 /* PageIntro.swift in Sources */ = {isa = PBXBuildFile; fileRef = 58D33D752BC2982B00057B88 /* PageIntro.swift */; };
		58D33D782BC298B900057B88 /* WalkthroughTextField.swift in Sources */ = {isa = PBXBuildFile; fileRef = 58D33D772BC298B900057B88 /* WalkthroughTextField.swift */; };
		58D33D7A2BC299F600057B88 /* WalkthroughIndicatorView.swift in Sources */ = {isa = PBXBuildFile; fileRef = 58D33D792BC299F600057B88 /* WalkthroughIndicatorView.swift */; };
		58D33D7C2BC29B0800057B88 /* HomeView.swift in Sources */ = {isa = PBXBuildFile; fileRef = 58D33D7B2BC29B0800057B88 /* HomeView.swift */; };
		58D33D7E2BC3416600057B88 /* LaunchView.swift in Sources */ = {isa = PBXBuildFile; fileRef = 58D33D7D2BC3416600057B88 /* LaunchView.swift */; };
		58D33D802BC3427D00057B88 /* Color.swift in Sources */ = {isa = PBXBuildFile; fileRef = 58D33D7F2BC3427D00057B88 /* Color.swift */; };
		58D33D822BC343BC00057B88 /* LaunchScreen.storyboard in Resources */ = {isa = PBXBuildFile; fileRef = 58D33D812BC343BC00057B88 /* LaunchScreen.storyboard */; };
		58D33D862BC355B300057B88 /* PushNotification.swift in Sources */ = {isa = PBXBuildFile; fileRef = 58D33D852BC355B300057B88 /* PushNotification.swift */; };
/* End PBXBuildFile section */

/* Begin PBXFileReference section */
		580BD8F72BC7CAAF00AD7FE0 /* LoginScreen.swift */ = {isa = PBXFileReference; lastKnownFileType = sourcecode.swift; path = LoginScreen.swift; sourceTree = "<group>"; };
		580BD8F92BC7CB6800AD7FE0 /* LoginViewModel.swift */ = {isa = PBXFileReference; lastKnownFileType = sourcecode.swift; path = LoginViewModel.swift; sourceTree = "<group>"; };
		580BD8FB2BC8823800AD7FE0 /* HapticVibrationManager.swift */ = {isa = PBXFileReference; lastKnownFileType = sourcecode.swift; path = HapticVibrationManager.swift; sourceTree = "<group>"; };
		580BD8FD2BC8848300AD7FE0 /* Data.swift */ = {isa = PBXFileReference; lastKnownFileType = sourcecode.swift; path = Data.swift; sourceTree = "<group>"; };
		580BD9012BC9C28D00AD7FE0 /* SettingsViewModel.swift */ = {isa = PBXFileReference; lastKnownFileType = sourcecode.swift; path = SettingsViewModel.swift; sourceTree = "<group>"; };
		580BD9052BC9C2D500AD7FE0 /* SettingsView.swift */ = {isa = PBXFileReference; lastKnownFileType = sourcecode.swift; path = SettingsView.swift; sourceTree = "<group>"; };
		580BD9072BC9C2E600AD7FE0 /* PrivacySettingsView.swift */ = {isa = PBXFileReference; lastKnownFileType = sourcecode.swift; path = PrivacySettingsView.swift; sourceTree = "<group>"; };
		580BD90A2BC9EC6600AD7FE0 /* XMarkButton.swift */ = {isa = PBXFileReference; lastKnownFileType = sourcecode.swift; path = XMarkButton.swift; sourceTree = "<group>"; };
		580BD90D2BCCAC5900AD7FE0 /* CircleButtonView.swift */ = {isa = PBXFileReference; lastKnownFileType = sourcecode.swift; path = CircleButtonView.swift; sourceTree = "<group>"; };
		580BD90F2BCCAC7C00AD7FE0 /* CircleButtonAnimationView.swift */ = {isa = PBXFileReference; lastKnownFileType = sourcecode.swift; path = CircleButtonAnimationView.swift; sourceTree = "<group>"; };
		580BD9112BCCBF2800AD7FE0 /* RootView.swift */ = {isa = PBXFileReference; lastKnownFileType = sourcecode.swift; path = RootView.swift; sourceTree = "<group>"; };
		580BD9132BCCBFAE00AD7FE0 /* HomeViewModel.swift */ = {isa = PBXFileReference; lastKnownFileType = sourcecode.swift; path = HomeViewModel.swift; sourceTree = "<group>"; };
		580BD9152BCE036E00AD7FE0 /* CoinDataService.swift */ = {isa = PBXFileReference; lastKnownFileType = sourcecode.swift; path = CoinDataService.swift; sourceTree = "<group>"; };
		580BD9172BCE03FA00AD7FE0 /* CoinModel.swift */ = {isa = PBXFileReference; lastKnownFileType = sourcecode.swift; path = CoinModel.swift; sourceTree = "<group>"; };
		580BD9192BCE05E700AD7FE0 /* NetworkManager.swift */ = {isa = PBXFileReference; lastKnownFileType = sourcecode.swift; path = NetworkManager.swift; sourceTree = "<group>"; };
		580BD91B2BCF723700AD7FE0 /* Statistic.swift */ = {isa = PBXFileReference; lastKnownFileType = sourcecode.swift; path = Statistic.swift; sourceTree = "<group>"; };
		580BD91D2BCF728C00AD7FE0 /* GlobalData.swift */ = {isa = PBXFileReference; lastKnownFileType = sourcecode.swift; path = GlobalData.swift; sourceTree = "<group>"; };
		580BD91F2BCF74E400AD7FE0 /* Double.swift */ = {isa = PBXFileReference; lastKnownFileType = sourcecode.swift; path = Double.swift; sourceTree = "<group>"; };
		580BD9212BCF9ED100AD7FE0 /* StatisticView.swift */ = {isa = PBXFileReference; lastKnownFileType = sourcecode.swift; path = StatisticView.swift; sourceTree = "<group>"; };
		580BD9232BCFA06E00AD7FE0 /* HomeStatisticView.swift */ = {isa = PBXFileReference; lastKnownFileType = sourcecode.swift; path = HomeStatisticView.swift; sourceTree = "<group>"; };
		580BD9252BCFA1D300AD7FE0 /* SearchBarView.swift */ = {isa = PBXFileReference; lastKnownFileType = sourcecode.swift; path = SearchBarView.swift; sourceTree = "<group>"; };
		580BD9272BCFA4AD00AD7FE0 /* UIApplication.swift */ = {isa = PBXFileReference; lastKnownFileType = sourcecode.swift; path = UIApplication.swift; sourceTree = "<group>"; };
		580BD9292BD0D79500AD7FE0 /* PortfolioDataService.swift */ = {isa = PBXFileReference; lastKnownFileType = sourcecode.swift; path = PortfolioDataService.swift; sourceTree = "<group>"; };
		580BD9342BD2B4A800AD7FE0 /* MarketDataService.swift */ = {isa = PBXFileReference; lastKnownFileType = sourcecode.swift; path = MarketDataService.swift; sourceTree = "<group>"; };
		580BD9362BD2C70F00AD7FE0 /* CoinDetailDataService.swift */ = {isa = PBXFileReference; lastKnownFileType = sourcecode.swift; path = CoinDetailDataService.swift; sourceTree = "<group>"; };
		580BD9382BD2CBBB00AD7FE0 /* CoinDetail.swift */ = {isa = PBXFileReference; lastKnownFileType = sourcecode.swift; path = CoinDetail.swift; sourceTree = "<group>"; };
		5867DDF22BD619D200E7C492 /* Assets.xcassets */ = {isa = PBXFileReference; lastKnownFileType = folder.assetcatalog; path = Assets.xcassets; sourceTree = "<group>"; };
		5867DDF42BD61B9200E7C492 /* CryptoTrackerApp.swift */ = {isa = PBXFileReference; lastKnownFileType = sourcecode.swift; path = CryptoTrackerApp.swift; sourceTree = "<group>"; };
		588B21792BD5E10400B30413 /* String.swift */ = {isa = PBXFileReference; lastKnownFileType = sourcecode.swift; path = String.swift; sourceTree = "<group>"; };
		588B217B2BD5E15D00B30413 /* DetailViewModel.swift */ = {isa = PBXFileReference; lastKnownFileType = sourcecode.swift; path = DetailViewModel.swift; sourceTree = "<group>"; };
		588B217D2BD5E1BB00B30413 /* DetailView.swift */ = {isa = PBXFileReference; lastKnownFileType = sourcecode.swift; path = DetailView.swift; sourceTree = "<group>"; };
		588B217F2BD5E2AE00B30413 /* ChartView.swift */ = {isa = PBXFileReference; lastKnownFileType = sourcecode.swift; path = ChartView.swift; sourceTree = "<group>"; };
		588B21812BD5E5AD00B30413 /* Date.swift */ = {isa = PBXFileReference; lastKnownFileType = sourcecode.swift; path = Date.swift; sourceTree = "<group>"; };
		58A54C782BC6214E005C46A5 /* Constants.swift */ = {isa = PBXFileReference; lastKnownFileType = sourcecode.swift; path = Constants.swift; sourceTree = "<group>"; };
		58A54C7B2BC62242005C46A5 /* KeyChainHelper.swift */ = {isa = PBXFileReference; lastKnownFileType = sourcecode.swift; path = KeyChainHelper.swift; sourceTree = "<group>"; };
		58A54C7D2BC62361005C46A5 /* KeyChainPropertyWrapper.swift */ = {isa = PBXFileReference; lastKnownFileType = sourcecode.swift; path = KeyChainPropertyWrapper.swift; sourceTree = "<group>"; };
		58A54C7F2BC64D35005C46A5 /* LAContext.swift */ = {isa = PBXFileReference; lastKnownFileType = sourcecode.swift; path = LAContext.swift; sourceTree = "<group>"; };
		58A662CD2BD63245008D00D8 /* PortfolioContainer.xcdatamodel */ = {isa = PBXFileReference; lastKnownFileType = wrapper.xcdatamodel; path = PortfolioContainer.xcdatamodel; sourceTree = "<group>"; };
		58A662CF2BD6F7B8008D00D8 /* PortfolioView.swift */ = {isa = PBXFileReference; lastKnownFileType = sourcecode.swift; path = PortfolioView.swift; sourceTree = "<group>"; };
		58A662D12BD6F83D008D00D8 /* CoinRowView.swift */ = {isa = PBXFileReference; lastKnownFileType = sourcecode.swift; path = CoinRowView.swift; sourceTree = "<group>"; };
		58A662D32BD724A4008D00D8 /* AppInfoView.swift */ = {isa = PBXFileReference; lastKnownFileType = sourcecode.swift; path = AppInfoView.swift; sourceTree = "<group>"; };
		58A662D52BD75FF7008D00D8 /* Info.plist */ = {isa = PBXFileReference; lastKnownFileType = text.plist; name = Info.plist; path = CryptoTrackerApp/Info.plist; sourceTree = "<group>"; };
		58D33D4F2BC235FC00057B88 /* CryptoTrackerApp.app */ = {isa = PBXFileReference; explicitFileType = wrapper.application; includeInIndex = 0; path = CryptoTrackerApp.app; sourceTree = BUILT_PRODUCTS_DIR; };
		58D33D6B2BC2956E00057B88 /* ColorfulIconLabelStyle.swift */ = {isa = PBXFileReference; lastKnownFileType = sourcecode.swift; path = ColorfulIconLabelStyle.swift; sourceTree = "<group>"; };
		58D33D732BC2972A00057B88 /* WalkthroughView.swift */ = {isa = PBXFileReference; lastKnownFileType = sourcecode.swift; path = WalkthroughView.swift; sourceTree = "<group>"; };
		58D33D752BC2982B00057B88 /* PageIntro.swift */ = {isa = PBXFileReference; lastKnownFileType = sourcecode.swift; path = PageIntro.swift; sourceTree = "<group>"; };
		58D33D772BC298B900057B88 /* WalkthroughTextField.swift */ = {isa = PBXFileReference; lastKnownFileType = sourcecode.swift; path = WalkthroughTextField.swift; sourceTree = "<group>"; };
		58D33D792BC299F600057B88 /* WalkthroughIndicatorView.swift */ = {isa = PBXFileReference; lastKnownFileType = sourcecode.swift; path = WalkthroughIndicatorView.swift; sourceTree = "<group>"; };
		58D33D7B2BC29B0800057B88 /* HomeView.swift */ = {isa = PBXFileReference; lastKnownFileType = sourcecode.swift; path = HomeView.swift; sourceTree = "<group>"; };
		58D33D7D2BC3416600057B88 /* LaunchView.swift */ = {isa = PBXFileReference; lastKnownFileType = sourcecode.swift; path = LaunchView.swift; sourceTree = "<group>"; };
		58D33D7F2BC3427D00057B88 /* Color.swift */ = {isa = PBXFileReference; lastKnownFileType = sourcecode.swift; path = Color.swift; sourceTree = "<group>"; };
		58D33D812BC343BC00057B88 /* LaunchScreen.storyboard */ = {isa = PBXFileReference; lastKnownFileType = file.storyboard; path = LaunchScreen.storyboard; sourceTree = "<group>"; };
		58D33D852BC355B300057B88 /* PushNotification.swift */ = {isa = PBXFileReference; lastKnownFileType = sourcecode.swift; path = PushNotification.swift; sourceTree = "<group>"; };
/* End PBXFileReference section */

/* Begin PBXFrameworksBuildPhase section */
		58D33D4C2BC235FC00057B88 /* Frameworks */ = {
			isa = PBXFrameworksBuildPhase;
			buildActionMask = 2147483647;
			files = (
			);
			runOnlyForDeploymentPostprocessing = 0;
		};
/* End PBXFrameworksBuildPhase section */

/* Begin PBXGroup section */
		580BD8FF2BC9C25800AD7FE0 /* Settings */ = {
			isa = PBXGroup;
			children = (
				580BD9032BC9C29A00AD7FE0 /* View */,
				580BD9002BC9C26E00AD7FE0 /* ViewModel */,
			);
			path = Settings;
			sourceTree = "<group>";
		};
		580BD9002BC9C26E00AD7FE0 /* ViewModel */ = {
			isa = PBXGroup;
			children = (
				580BD9012BC9C28D00AD7FE0 /* SettingsViewModel.swift */,
			);
			path = ViewModel;
			sourceTree = "<group>";
		};
		580BD9032BC9C29A00AD7FE0 /* View */ = {
			isa = PBXGroup;
			children = (
				580BD9042BC9C2B000AD7FE0 /* SubViews */,
				580BD9052BC9C2D500AD7FE0 /* SettingsView.swift */,
			);
			path = View;
			sourceTree = "<group>";
		};
		580BD9042BC9C2B000AD7FE0 /* SubViews */ = {
			isa = PBXGroup;
			children = (
				580BD9072BC9C2E600AD7FE0 /* PrivacySettingsView.swift */,
			);
			path = SubViews;
			sourceTree = "<group>";
		};
		580BD9092BC9EC4C00AD7FE0 /* Components */ = {
			isa = PBXGroup;
			children = (
				580BD90C2BCCAC4B00AD7FE0 /* CircleButton */,
				580BD90A2BC9EC6600AD7FE0 /* XMarkButton.swift */,
				580BD9232BCFA06E00AD7FE0 /* HomeStatisticView.swift */,
				580BD9252BCFA1D300AD7FE0 /* SearchBarView.swift */,
			);
			path = Components;
			sourceTree = "<group>";
		};
		580BD90C2BCCAC4B00AD7FE0 /* CircleButton */ = {
			isa = PBXGroup;
			children = (
				580BD90D2BCCAC5900AD7FE0 /* CircleButtonView.swift */,
				580BD90F2BCCAC7C00AD7FE0 /* CircleButtonAnimationView.swift */,
			);
			path = CircleButton;
			sourceTree = "<group>";
		};
		580BD93A2BD2CD2A00AD7FE0 /* Detail */ = {
			isa = PBXGroup;
			children = (
				580BD93C2BD2CD5600AD7FE0 /* View */,
				580BD93B2BD2CD4500AD7FE0 /* ViewModel */,
			);
			path = Detail;
			sourceTree = "<group>";
		};
		580BD93B2BD2CD4500AD7FE0 /* ViewModel */ = {
			isa = PBXGroup;
			children = (
				588B217B2BD5E15D00B30413 /* DetailViewModel.swift */,
			);
			path = ViewModel;
			sourceTree = "<group>";
		};
		580BD93C2BD2CD5600AD7FE0 /* View */ = {
			isa = PBXGroup;
			children = (
				588B217D2BD5E1BB00B30413 /* DetailView.swift */,
				588B217F2BD5E2AE00B30413 /* ChartView.swift */,
			);
			path = View;
			sourceTree = "<group>";
		};
		58A54C7A2BC62232005C46A5 /* KeyChain */ = {
			isa = PBXGroup;
			children = (
				58A54C7B2BC62242005C46A5 /* KeyChainHelper.swift */,
				58A54C7D2BC62361005C46A5 /* KeyChainPropertyWrapper.swift */,
			);
			path = KeyChain;
			sourceTree = "<group>";
		};
		58D33D462BC235FC00057B88 = {
			isa = PBXGroup;
			children = (
				58A54C782BC6214E005C46A5 /* Constants.swift */,
				580BD9112BCCBF2800AD7FE0 /* RootView.swift */,
				5867DDF42BD61B9200E7C492 /* CryptoTrackerApp.swift */,
				5867DDF22BD619D200E7C492 /* Assets.xcassets */,
				58A662D52BD75FF7008D00D8 /* Info.plist */,
				58D33D6A2BC239AF00057B88 /* Model */,
				58D33D692BC239A000057B88 /* Core */,
				58D33D682BC2398800057B88 /* Services */,
				58D33D672BC2394200057B88 /* Utilities */,
				58D33D662BC2392100057B88 /* Extensions */,
				58D33D652BC2390200057B88 /* Styles */,
				58D33D502BC235FC00057B88 /* Products */,
			);
			sourceTree = "<group>";
		};
		58D33D502BC235FC00057B88 /* Products */ = {
			isa = PBXGroup;
			children = (
				58D33D4F2BC235FC00057B88 /* CryptoTrackerApp.app */,
			);
			name = Products;
			sourceTree = "<group>";
		};
		58D33D652BC2390200057B88 /* Styles */ = {
			isa = PBXGroup;
			children = (
				58D33D6B2BC2956E00057B88 /* ColorfulIconLabelStyle.swift */,
			);
			path = Styles;
			sourceTree = "<group>";
		};
		58D33D662BC2392100057B88 /* Extensions */ = {
			isa = PBXGroup;
			children = (
				58D33D7F2BC3427D00057B88 /* Color.swift */,
				58A54C7F2BC64D35005C46A5 /* LAContext.swift */,
				580BD8FD2BC8848300AD7FE0 /* Data.swift */,
				580BD91F2BCF74E400AD7FE0 /* Double.swift */,
				580BD9272BCFA4AD00AD7FE0 /* UIApplication.swift */,
				588B21792BD5E10400B30413 /* String.swift */,
				588B21812BD5E5AD00B30413 /* Date.swift */,
			);
			path = Extensions;
			sourceTree = "<group>";
		};
		58D33D672BC2394200057B88 /* Utilities */ = {
			isa = PBXGroup;
			children = (
				58A54C7A2BC62232005C46A5 /* KeyChain */,
				580BD8FB2BC8823800AD7FE0 /* HapticVibrationManager.swift */,
				580BD9192BCE05E700AD7FE0 /* NetworkManager.swift */,
			);
			path = Utilities;
			sourceTree = "<group>";
		};
		58D33D682BC2398800057B88 /* Services */ = {
			isa = PBXGroup;
			children = (
				58D33D852BC355B300057B88 /* PushNotification.swift */,
				580BD9152BCE036E00AD7FE0 /* CoinDataService.swift */,
				580BD9292BD0D79500AD7FE0 /* PortfolioDataService.swift */,
				580BD9342BD2B4A800AD7FE0 /* MarketDataService.swift */,
				580BD9362BD2C70F00AD7FE0 /* CoinDetailDataService.swift */,
			);
			path = Services;
			sourceTree = "<group>";
		};
		58D33D692BC239A000057B88 /* Core */ = {
			isa = PBXGroup;
			children = (
				580BD93A2BD2CD2A00AD7FE0 /* Detail */,
				580BD9092BC9EC4C00AD7FE0 /* Components */,
				580BD8FF2BC9C25800AD7FE0 /* Settings */,
				58D33D702BC2967B00057B88 /* Launch */,
				58D33D6D2BC2960D00057B88 /* Home */,
			);
			path = Core;
			sourceTree = "<group>";
		};
		58D33D6A2BC239AF00057B88 /* Model */ = {
			isa = PBXGroup;
			children = (
				58D33D752BC2982B00057B88 /* PageIntro.swift */,
				580BD9172BCE03FA00AD7FE0 /* CoinModel.swift */,
				580BD91B2BCF723700AD7FE0 /* Statistic.swift */,
				580BD91D2BCF728C00AD7FE0 /* GlobalData.swift */,
				580BD9382BD2CBBB00AD7FE0 /* CoinDetail.swift */,
				58A662CC2BD63245008D00D8 /* PortfolioContainer.xcdatamodeld */,
			);
			path = Model;
			sourceTree = "<group>";
		};
		58D33D6D2BC2960D00057B88 /* Home */ = {
			isa = PBXGroup;
			children = (
				58D33D6F2BC2963D00057B88 /* View */,
				58D33D6E2BC2961B00057B88 /* ViewModel */,
			);
			path = Home;
			sourceTree = "<group>";
		};
		58D33D6E2BC2961B00057B88 /* ViewModel */ = {
			isa = PBXGroup;
			children = (
				580BD9132BCCBFAE00AD7FE0 /* HomeViewModel.swift */,
			);
			path = ViewModel;
			sourceTree = "<group>";
		};
		58D33D6F2BC2963D00057B88 /* View */ = {
			isa = PBXGroup;
			children = (
				58D33D7B2BC29B0800057B88 /* HomeView.swift */,
				580BD9212BCF9ED100AD7FE0 /* StatisticView.swift */,
				58A662CF2BD6F7B8008D00D8 /* PortfolioView.swift */,
				58A662D12BD6F83D008D00D8 /* CoinRowView.swift */,
				58A662D32BD724A4008D00D8 /* AppInfoView.swift */,
			);
			path = View;
			sourceTree = "<group>";
		};
		58D33D702BC2967B00057B88 /* Launch */ = {
			isa = PBXGroup;
			children = (
				58D33D722BC296A000057B88 /* ViewModel */,
				58D33D712BC2969600057B88 /* View */,
			);
			path = Launch;
			sourceTree = "<group>";
		};
		58D33D712BC2969600057B88 /* View */ = {
			isa = PBXGroup;
			children = (
				58D33D732BC2972A00057B88 /* WalkthroughView.swift */,
				58D33D772BC298B900057B88 /* WalkthroughTextField.swift */,
				58D33D792BC299F600057B88 /* WalkthroughIndicatorView.swift */,
				58D33D7D2BC3416600057B88 /* LaunchView.swift */,
				58D33D812BC343BC00057B88 /* LaunchScreen.storyboard */,
				580BD8F72BC7CAAF00AD7FE0 /* LoginScreen.swift */,
			);
			path = View;
			sourceTree = "<group>";
		};
		58D33D722BC296A000057B88 /* ViewModel */ = {
			isa = PBXGroup;
			children = (
				580BD8F92BC7CB6800AD7FE0 /* LoginViewModel.swift */,
			);
			path = ViewModel;
			sourceTree = "<group>";
		};
/* End PBXGroup section */

/* Begin PBXNativeTarget section */
		58D33D4E2BC235FC00057B88 /* CryptoTrackerApp */ = {
			isa = PBXNativeTarget;
			buildConfigurationList = 58D33D622BC235FE00057B88 /* Build configuration list for PBXNativeTarget "CryptoTrackerApp" */;
			buildPhases = (
				58D33D4B2BC235FC00057B88 /* Sources */,
				58D33D4C2BC235FC00057B88 /* Frameworks */,
				58D33D4D2BC235FC00057B88 /* Resources */,
			);
			buildRules = (
			);
			dependencies = (
			);
			name = CryptoTrackerApp;
			productName = CryptoTrackerApp;
			productReference = 58D33D4F2BC235FC00057B88 /* CryptoTrackerApp.app */;
			productType = "com.apple.product-type.application";
		};
/* End PBXNativeTarget section */

/* Begin PBXProject section */
		58D33D472BC235FC00057B88 /* Project object */ = {
			isa = PBXProject;
			attributes = {
				BuildIndependentTargetsInParallel = 1;
				LastSwiftUpdateCheck = 1530;
				LastUpgradeCheck = 1530;
				TargetAttributes = {
					58D33D4E2BC235FC00057B88 = {
						CreatedOnToolsVersion = 15.3;
					};
				};
			};
			buildConfigurationList = 58D33D4A2BC235FC00057B88 /* Build configuration list for PBXProject "CryptoTrackerApp" */;
			compatibilityVersion = "Xcode 14.0";
			developmentRegion = en;
			hasScannedForEncodings = 0;
			knownRegions = (
				en,
				Base,
			);
			mainGroup = 58D33D462BC235FC00057B88;
			productRefGroup = 58D33D502BC235FC00057B88 /* Products */;
			projectDirPath = "";
			projectRoot = "";
			targets = (
				58D33D4E2BC235FC00057B88 /* CryptoTrackerApp */,
			);
		};
/* End PBXProject section */

/* Begin PBXResourcesBuildPhase section */
		58D33D4D2BC235FC00057B88 /* Resources */ = {
			isa = PBXResourcesBuildPhase;
			buildActionMask = 2147483647;
			files = (
				58D33D822BC343BC00057B88 /* LaunchScreen.storyboard in Resources */,
				5867DDF32BD619D200E7C492 /* Assets.xcassets in Resources */,
			);
			runOnlyForDeploymentPostprocessing = 0;
		};
/* End PBXResourcesBuildPhase section */

/* Begin PBXSourcesBuildPhase section */
		58D33D4B2BC235FC00057B88 /* Sources */ = {
			isa = PBXSourcesBuildPhase;
			buildActionMask = 2147483647;
			files = (
				580BD9352BD2B4A800AD7FE0 /* MarketDataService.swift in Sources */,
				580BD9282BCFA4AD00AD7FE0 /* UIApplication.swift in Sources */,
				580BD9242BCFA06E00AD7FE0 /* HomeStatisticView.swift in Sources */,
				580BD9062BC9C2D500AD7FE0 /* SettingsView.swift in Sources */,
				580BD9372BD2C70F00AD7FE0 /* CoinDetailDataService.swift in Sources */,
				58D33D7E2BC3416600057B88 /* LaunchView.swift in Sources */,
				588B21802BD5E2AE00B30413 /* ChartView.swift in Sources */,
				580BD9122BCCBF2800AD7FE0 /* RootView.swift in Sources */,
				58D33D862BC355B300057B88 /* PushNotification.swift in Sources */,
				58D33D7C2BC29B0800057B88 /* HomeView.swift in Sources */,
				588B217C2BD5E15D00B30413 /* DetailViewModel.swift in Sources */,
				58A54C802BC64D35005C46A5 /* LAContext.swift in Sources */,
				580BD8FE2BC8848300AD7FE0 /* Data.swift in Sources */,
				58A54C7C2BC62242005C46A5 /* KeyChainHelper.swift in Sources */,
				588B217E2BD5E1BB00B30413 /* DetailView.swift in Sources */,
				588B21822BD5E5AD00B30413 /* Date.swift in Sources */,
				580BD9262BCFA1D300AD7FE0 /* SearchBarView.swift in Sources */,
				58D33D802BC3427D00057B88 /* Color.swift in Sources */,
				58D33D6C2BC2956E00057B88 /* ColorfulIconLabelStyle.swift in Sources */,
				580BD9202BCF74E400AD7FE0 /* Double.swift in Sources */,
				580BD8F82BC7CAAF00AD7FE0 /* LoginScreen.swift in Sources */,
				580BD9142BCCBFAE00AD7FE0 /* HomeViewModel.swift in Sources */,
				58A662CE2BD63245008D00D8 /* PortfolioContainer.xcdatamodeld in Sources */,
				580BD9102BCCAC7C00AD7FE0 /* CircleButtonAnimationView.swift in Sources */,
				58A662D22BD6F83D008D00D8 /* CoinRowView.swift in Sources */,
				580BD9082BC9C2E600AD7FE0 /* PrivacySettingsView.swift in Sources */,
				580BD9162BCE036E00AD7FE0 /* CoinDataService.swift in Sources */,
				58A54C7E2BC62361005C46A5 /* KeyChainPropertyWrapper.swift in Sources */,
				580BD91A2BCE05E700AD7FE0 /* NetworkManager.swift in Sources */,
				580BD8FC2BC8823800AD7FE0 /* HapticVibrationManager.swift in Sources */,
				58D33D762BC2982B00057B88 /* PageIntro.swift in Sources */,
				58D33D782BC298B900057B88 /* WalkthroughTextField.swift in Sources */,
				580BD91E2BCF728C00AD7FE0 /* GlobalData.swift in Sources */,
				58A54C792BC6214E005C46A5 /* Constants.swift in Sources */,
				580BD92A2BD0D79500AD7FE0 /* PortfolioDataService.swift in Sources */,
				58D33D742BC2972A00057B88 /* WalkthroughView.swift in Sources */,
				588B217A2BD5E10400B30413 /* String.swift in Sources */,
				580BD90B2BC9EC6600AD7FE0 /* XMarkButton.swift in Sources */,
				580BD9022BC9C28D00AD7FE0 /* SettingsViewModel.swift in Sources */,
				580BD9222BCF9ED100AD7FE0 /* StatisticView.swift in Sources */,
				580BD9182BCE03FA00AD7FE0 /* CoinModel.swift in Sources */,
				580BD8FA2BC7CB6800AD7FE0 /* LoginViewModel.swift in Sources */,
				5867DDF52BD61B9200E7C492 /* CryptoTrackerApp.swift in Sources */,
				580BD91C2BCF723700AD7FE0 /* Statistic.swift in Sources */,
				58A662D42BD724A4008D00D8 /* AppInfoView.swift in Sources */,
				580BD9392BD2CBBB00AD7FE0 /* CoinDetail.swift in Sources */,
				580BD90E2BCCAC5900AD7FE0 /* CircleButtonView.swift in Sources */,
				58A662D02BD6F7B8008D00D8 /* PortfolioView.swift in Sources */,
				58D33D7A2BC299F600057B88 /* WalkthroughIndicatorView.swift in Sources */,
			);
			runOnlyForDeploymentPostprocessing = 0;
		};
/* End PBXSourcesBuildPhase section */

/* Begin XCBuildConfiguration section */
		58D33D602BC235FE00057B88 /* Debug */ = {
			isa = XCBuildConfiguration;
			buildSettings = {
				ALWAYS_SEARCH_USER_PATHS = NO;
				ASSETCATALOG_COMPILER_GENERATE_SWIFT_ASSET_SYMBOL_EXTENSIONS = YES;
				CLANG_ANALYZER_NONNULL = YES;
				CLANG_ANALYZER_NUMBER_OBJECT_CONVERSION = YES_AGGRESSIVE;
				CLANG_CXX_LANGUAGE_STANDARD = "gnu++20";
				CLANG_ENABLE_MODULES = YES;
				CLANG_ENABLE_OBJC_ARC = YES;
				CLANG_ENABLE_OBJC_WEAK = YES;
				CLANG_WARN_BLOCK_CAPTURE_AUTORELEASING = YES;
				CLANG_WARN_BOOL_CONVERSION = YES;
				CLANG_WARN_COMMA = YES;
				CLANG_WARN_CONSTANT_CONVERSION = YES;
				CLANG_WARN_DEPRECATED_OBJC_IMPLEMENTATIONS = YES;
				CLANG_WARN_DIRECT_OBJC_ISA_USAGE = YES_ERROR;
				CLANG_WARN_DOCUMENTATION_COMMENTS = YES;
				CLANG_WARN_EMPTY_BODY = YES;
				CLANG_WARN_ENUM_CONVERSION = YES;
				CLANG_WARN_INFINITE_RECURSION = YES;
				CLANG_WARN_INT_CONVERSION = YES;
				CLANG_WARN_NON_LITERAL_NULL_CONVERSION = YES;
				CLANG_WARN_OBJC_IMPLICIT_RETAIN_SELF = YES;
				CLANG_WARN_OBJC_LITERAL_CONVERSION = YES;
				CLANG_WARN_OBJC_ROOT_CLASS = YES_ERROR;
				CLANG_WARN_QUOTED_INCLUDE_IN_FRAMEWORK_HEADER = YES;
				CLANG_WARN_RANGE_LOOP_ANALYSIS = YES;
				CLANG_WARN_STRICT_PROTOTYPES = YES;
				CLANG_WARN_SUSPICIOUS_MOVE = YES;
				CLANG_WARN_UNGUARDED_AVAILABILITY = YES_AGGRESSIVE;
				CLANG_WARN_UNREACHABLE_CODE = YES;
				CLANG_WARN__DUPLICATE_METHOD_MATCH = YES;
				COPY_PHASE_STRIP = NO;
				DEBUG_INFORMATION_FORMAT = dwarf;
				ENABLE_STRICT_OBJC_MSGSEND = YES;
				ENABLE_TESTABILITY = YES;
				ENABLE_USER_SCRIPT_SANDBOXING = YES;
				GCC_C_LANGUAGE_STANDARD = gnu17;
				GCC_DYNAMIC_NO_PIC = NO;
				GCC_NO_COMMON_BLOCKS = YES;
				GCC_OPTIMIZATION_LEVEL = 0;
				GCC_PREPROCESSOR_DEFINITIONS = (
					"DEBUG=1",
					"$(inherited)",
				);
				GCC_WARN_64_TO_32_BIT_CONVERSION = YES;
				GCC_WARN_ABOUT_RETURN_TYPE = YES_ERROR;
				GCC_WARN_UNDECLARED_SELECTOR = YES;
				GCC_WARN_UNINITIALIZED_AUTOS = YES_AGGRESSIVE;
				GCC_WARN_UNUSED_FUNCTION = YES;
				GCC_WARN_UNUSED_VARIABLE = YES;
				IPHONEOS_DEPLOYMENT_TARGET = 17.4;
				LOCALIZATION_PREFERS_STRING_CATALOGS = YES;
				MTL_ENABLE_DEBUG_INFO = INCLUDE_SOURCE;
				MTL_FAST_MATH = YES;
				ONLY_ACTIVE_ARCH = YES;
				SDKROOT = iphoneos;
				SWIFT_ACTIVE_COMPILATION_CONDITIONS = "DEBUG $(inherited)";
				SWIFT_OPTIMIZATION_LEVEL = "-Onone";
			};
			name = Debug;
		};
		58D33D612BC235FE00057B88 /* Release */ = {
			isa = XCBuildConfiguration;
			buildSettings = {
				ALWAYS_SEARCH_USER_PATHS = NO;
				ASSETCATALOG_COMPILER_GENERATE_SWIFT_ASSET_SYMBOL_EXTENSIONS = YES;
				CLANG_ANALYZER_NONNULL = YES;
				CLANG_ANALYZER_NUMBER_OBJECT_CONVERSION = YES_AGGRESSIVE;
				CLANG_CXX_LANGUAGE_STANDARD = "gnu++20";
				CLANG_ENABLE_MODULES = YES;
				CLANG_ENABLE_OBJC_ARC = YES;
				CLANG_ENABLE_OBJC_WEAK = YES;
				CLANG_WARN_BLOCK_CAPTURE_AUTORELEASING = YES;
				CLANG_WARN_BOOL_CONVERSION = YES;
				CLANG_WARN_COMMA = YES;
				CLANG_WARN_CONSTANT_CONVERSION = YES;
				CLANG_WARN_DEPRECATED_OBJC_IMPLEMENTATIONS = YES;
				CLANG_WARN_DIRECT_OBJC_ISA_USAGE = YES_ERROR;
				CLANG_WARN_DOCUMENTATION_COMMENTS = YES;
				CLANG_WARN_EMPTY_BODY = YES;
				CLANG_WARN_ENUM_CONVERSION = YES;
				CLANG_WARN_INFINITE_RECURSION = YES;
				CLANG_WARN_INT_CONVERSION = YES;
				CLANG_WARN_NON_LITERAL_NULL_CONVERSION = YES;
				CLANG_WARN_OBJC_IMPLICIT_RETAIN_SELF = YES;
				CLANG_WARN_OBJC_LITERAL_CONVERSION = YES;
				CLANG_WARN_OBJC_ROOT_CLASS = YES_ERROR;
				CLANG_WARN_QUOTED_INCLUDE_IN_FRAMEWORK_HEADER = YES;
				CLANG_WARN_RANGE_LOOP_ANALYSIS = YES;
				CLANG_WARN_STRICT_PROTOTYPES = YES;
				CLANG_WARN_SUSPICIOUS_MOVE = YES;
				CLANG_WARN_UNGUARDED_AVAILABILITY = YES_AGGRESSIVE;
				CLANG_WARN_UNREACHABLE_CODE = YES;
				CLANG_WARN__DUPLICATE_METHOD_MATCH = YES;
				COPY_PHASE_STRIP = NO;
				DEBUG_INFORMATION_FORMAT = "dwarf-with-dsym";
				ENABLE_NS_ASSERTIONS = NO;
				ENABLE_STRICT_OBJC_MSGSEND = YES;
				ENABLE_USER_SCRIPT_SANDBOXING = YES;
				GCC_C_LANGUAGE_STANDARD = gnu17;
				GCC_NO_COMMON_BLOCKS = YES;
				GCC_WARN_64_TO_32_BIT_CONVERSION = YES;
				GCC_WARN_ABOUT_RETURN_TYPE = YES_ERROR;
				GCC_WARN_UNDECLARED_SELECTOR = YES;
				GCC_WARN_UNINITIALIZED_AUTOS = YES_AGGRESSIVE;
				GCC_WARN_UNUSED_FUNCTION = YES;
				GCC_WARN_UNUSED_VARIABLE = YES;
				IPHONEOS_DEPLOYMENT_TARGET = 17.4;
				LOCALIZATION_PREFERS_STRING_CATALOGS = YES;
				MTL_ENABLE_DEBUG_INFO = NO;
				MTL_FAST_MATH = YES;
				SDKROOT = iphoneos;
				SWIFT_COMPILATION_MODE = wholemodule;
				VALIDATE_PRODUCT = YES;
			};
			name = Release;
		};
		58D33D632BC235FE00057B88 /* Debug */ = {
			isa = XCBuildConfiguration;
			buildSettings = {
				ASSETCATALOG_COMPILER_APPICON_NAME = AppIcon;
				ASSETCATALOG_COMPILER_GLOBAL_ACCENT_COLOR_NAME = AccentColor;
				CODE_SIGN_STYLE = Automatic;
				CURRENT_PROJECT_VERSION = 1;
				DEVELOPMENT_ASSET_PATHS = "\"CryptoTrackerApp\"";
				DEVELOPMENT_TEAM = ZP4NCVUX43;
				ENABLE_PREVIEWS = YES;
				GENERATE_INFOPLIST_FILE = YES;
				INFOPLIST_FILE = CryptoTrackerApp/Info.plist;
				INFOPLIST_KEY_NSFaceIDUsageDescription = "We need FaceID to make easier access to portfolio for you";
				INFOPLIST_KEY_UIApplicationSceneManifest_Generation = YES;
				INFOPLIST_KEY_UIApplicationSupportsIndirectInputEvents = YES;
				INFOPLIST_KEY_UILaunchScreen_Generation = YES;
				INFOPLIST_KEY_UILaunchStoryboardName = LaunchScreen.storyboard;
				INFOPLIST_KEY_UISupportedInterfaceOrientations_iPad = "UIInterfaceOrientationPortrait UIInterfaceOrientationPortraitUpsideDown UIInterfaceOrientationLandscapeLeft UIInterfaceOrientationLandscapeRight";
				INFOPLIST_KEY_UISupportedInterfaceOrientations_iPhone = "UIInterfaceOrientationPortrait UIInterfaceOrientationLandscapeLeft UIInterfaceOrientationLandscapeRight";
				IPHONEOS_DEPLOYMENT_TARGET = 16.6;
				LD_RUNPATH_SEARCH_PATHS = (
					"$(inherited)",
					"@executable_path/Frameworks",
				);
				MARKETING_VERSION = 1.0;
				PRODUCT_BUNDLE_IDENTIFIER = Currency.CryptoTrackerApp;
				PRODUCT_NAME = "$(TARGET_NAME)";
				SWIFT_EMIT_LOC_STRINGS = YES;
				SWIFT_VERSION = 5.0;
				TARGETED_DEVICE_FAMILY = "1,2";
			};
			name = Debug;
		};
		58D33D642BC235FE00057B88 /* Release */ = {
			isa = XCBuildConfiguration;
			buildSettings = {
				ASSETCATALOG_COMPILER_APPICON_NAME = AppIcon;
				ASSETCATALOG_COMPILER_GLOBAL_ACCENT_COLOR_NAME = AccentColor;
				CODE_SIGN_STYLE = Automatic;
				CURRENT_PROJECT_VERSION = 1;
				DEVELOPMENT_ASSET_PATHS = "\"CryptoTrackerApp\"";
				DEVELOPMENT_TEAM = ZP4NCVUX43;
				ENABLE_PREVIEWS = YES;
				GENERATE_INFOPLIST_FILE = YES;
				INFOPLIST_FILE = CryptoTrackerApp/Info.plist;
				INFOPLIST_KEY_NSFaceIDUsageDescription = "We need FaceID to make easier access to portfolio for you";
				INFOPLIST_KEY_UIApplicationSceneManifest_Generation = YES;
				INFOPLIST_KEY_UIApplicationSupportsIndirectInputEvents = YES;
				INFOPLIST_KEY_UILaunchScreen_Generation = YES;
				INFOPLIST_KEY_UILaunchStoryboardName = LaunchScreen.storyboard;
				INFOPLIST_KEY_UISupportedInterfaceOrientations_iPad = "UIInterfaceOrientationPortrait UIInterfaceOrientationPortraitUpsideDown UIInterfaceOrientationLandscapeLeft UIInterfaceOrientationLandscapeRight";
				INFOPLIST_KEY_UISupportedInterfaceOrientations_iPhone = "UIInterfaceOrientationPortrait UIInterfaceOrientationLandscapeLeft UIInterfaceOrientationLandscapeRight";
				IPHONEOS_DEPLOYMENT_TARGET = 16.6;
				LD_RUNPATH_SEARCH_PATHS = (
					"$(inherited)",
					"@executable_path/Frameworks",
				);
				MARKETING_VERSION = 1.0;
				PRODUCT_BUNDLE_IDENTIFIER = Currency.CryptoTrackerApp;
				PRODUCT_NAME = "$(TARGET_NAME)";
				SWIFT_EMIT_LOC_STRINGS = YES;
				SWIFT_VERSION = 5.0;
				TARGETED_DEVICE_FAMILY = "1,2";
			};
			name = Release;
		};
/* End XCBuildConfiguration section */

/* Begin XCConfigurationList section */
		58D33D4A2BC235FC00057B88 /* Build configuration list for PBXProject "CryptoTrackerApp" */ = {
			isa = XCConfigurationList;
			buildConfigurations = (
				58D33D602BC235FE00057B88 /* Debug */,
				58D33D612BC235FE00057B88 /* Release */,
			);
			defaultConfigurationIsVisible = 0;
			defaultConfigurationName = Release;
		};
		58D33D622BC235FE00057B88 /* Build configuration list for PBXNativeTarget "CryptoTrackerApp" */ = {
			isa = XCConfigurationList;
			buildConfigurations = (
				58D33D632BC235FE00057B88 /* Debug */,
				58D33D642BC235FE00057B88 /* Release */,
			);
			defaultConfigurationIsVisible = 0;
			defaultConfigurationName = Release;
		};
/* End XCConfigurationList section */

/* Begin XCVersionGroup section */
		58A662CC2BD63245008D00D8 /* PortfolioContainer.xcdatamodeld */ = {
			isa = XCVersionGroup;
			children = (
				58A662CD2BD63245008D00D8 /* PortfolioContainer.xcdatamodel */,
			);
			currentVersion = 58A662CD2BD63245008D00D8 /* PortfolioContainer.xcdatamodel */;
			name = PortfolioContainer.xcdatamodeld;
			path = "/Users/bassam/Documents/GIT/IOS/Cryptocurrency-Tracker-App/Cryptocurrency-Tracker-App/Model/PortfolioContainer.xcdatamodeld";
			sourceTree = "<group>";
			versionGroupType = wrapper.xcdatamodel;
		};
/* End XCVersionGroup section */
	};
	rootObject = 58D33D472BC235FC00057B88 /* Project object */;
}
